
Microsoft Visual Studio Solution File, Format Version 12.00
# Visual Studio 15
VisualStudioVersion = 15.0.27703.2042
MinimumVisualStudioVersion = 10.0.40219.1
Project("{FAE04EC0-301F-11D3-BF4B-00C04F79EFBC}") = "ModernGod", "ModernGod\ModernGod.csproj", "{C3F8DD5A-B84F-48D9-80B0-AC6F0F22ED2C}"
EndProject
Global
	GlobalSection(SolutionConfigurationPlatforms) = preSolution
		Debug|x64 = Debug|x64
		Debug|x86 = Debug|x86
		Release|x64 = Release|x64
		Release|x86 = Release|x86
	EndGlobalSection
	GlobalSection(ProjectConfigurationPlatforms) = postSolution
		{C3F8DD5A-B84F-48D9-80B0-AC6F0F22ED2C}.Debug|x64.ActiveCfg = Debug|x64
		{C3F8DD5A-B84F-48D9-80B0-AC6F0F22ED2C}.Debug|x64.Build.0 = Debug|x64
		{C3F8DD5A-B84F-48D9-80B0-AC6F0F22ED2C}.Debug|x86.ActiveCfg = Debug|x86
		{C3F8DD5A-B84F-48D9-80B0-AC6F0F22ED2C}.Debug|x86.Build.0 = Debug|x86
		{C3F8DD5A-B84F-48D9-80B0-AC6F0F22ED2C}.Release|x64.ActiveCfg = Release|x64
		{C3F8DD5A-B84F-48D9-80B0-AC6F0F22ED2C}.Release|x64.Build.0 = Release|x64
		{C3F8DD5A-B84F-48D9-80B0-AC6F0F22ED2C}.Release|x86.ActiveCfg = Release|x86
		{C3F8DD5A-B84F-48D9-80B0-AC6F0F22ED2C}.Release|x86.Build.0 = Release|x86
	EndGlobalSection
	GlobalSection(SolutionProperties) = preSolution
		HideSolutionNode = FALSE
	EndGlobalSection
	GlobalSection(ExtensibilityGlobals) = postSolution
		SolutionGuid = {2CF1E42C-4435-40B0-A7CB-4F0BD106EC73}
	EndGlobalSection
EndGlobal
